// !$*UTF8*$!
{
	archiveVersion = 1;
	classes = {
	};
	objectVersion = 50;
	objects = {

/* Begin PBXBuildFile section */
		CA6575BC2548A501000A52B8 /* AppDelegate.swift in Sources */ = {isa = PBXBuildFile; fileRef = CA6575BB2548A501000A52B8 /* AppDelegate.swift */; };
		CA6575BE2548A501000A52B8 /* SceneDelegate.swift in Sources */ = {isa = PBXBuildFile; fileRef = CA6575BD2548A501000A52B8 /* SceneDelegate.swift */; };
		CA6575C02548A501000A52B8 /* ViewController.swift in Sources */ = {isa = PBXBuildFile; fileRef = CA6575BF2548A501000A52B8 /* ViewController.swift */; };
		CA6575C32548A501000A52B8 /* Main.storyboard in Resources */ = {isa = PBXBuildFile; fileRef = CA6575C12548A501000A52B8 /* Main.storyboard */; };
		CA6575C52548A504000A52B8 /* Assets.xcassets in Resources */ = {isa = PBXBuildFile; fileRef = CA6575C42548A504000A52B8 /* Assets.xcassets */; };
		CA6575C82548A504000A52B8 /* LaunchScreen.storyboard in Resources */ = {isa = PBXBuildFile; fileRef = CA6575C62548A504000A52B8 /* LaunchScreen.storyboard */; };
		CA6575D22548A92F000A52B8 /* MasterViewController.swift in Sources */ = {isa = PBXBuildFile; fileRef = CA6575D12548A92F000A52B8 /* MasterViewController.swift */; };
		CA6575D52548AA4E000A52B8 /* DetailViewController.swift in Sources */ = {isa = PBXBuildFile; fileRef = CA6575D42548AA4E000A52B8 /* DetailViewController.swift */; };
		CA6575D82548AC1A000A52B8 /* Pokemon.swift in Sources */ = {isa = PBXBuildFile; fileRef = CA6575D72548AC1A000A52B8 /* Pokemon.swift */; };
		CA6575DC2548C917000A52B8 /* PokemonSelectionDelegate.swift in Sources */ = {isa = PBXBuildFile; fileRef = CA6575DB2548C917000A52B8 /* PokemonSelectionDelegate.swift */; };
		CA6575E02548DAA4000A52B8 /* NetworkManager.swift in Sources */ = {isa = PBXBuildFile; fileRef = CA6575DF2548DAA4000A52B8 /* NetworkManager.swift */; };
		CA6575E42548DCA8000A52B8 /* NetworkError.swift in Sources */ = {isa = PBXBuildFile; fileRef = CA6575E32548DCA8000A52B8 /* NetworkError.swift */; };
		CA8518B62549B9E800E81DF4 /* PokemonResource.swift in Sources */ = {isa = PBXBuildFile; fileRef = CA8518B52549B9E800E81DF4 /* PokemonResource.swift */; };
		CA8518B92549BA5100E81DF4 /* PokeUrl.swift in Sources */ = {isa = PBXBuildFile; fileRef = CA8518B82549BA5100E81DF4 /* PokeUrl.swift */; };
/* End PBXBuildFile section */

/* Begin PBXFileReference section */
		CA6575B82548A501000A52B8 /* Pokedex.app */ = {isa = PBXFileReference; explicitFileType = wrapper.application; includeInIndex = 0; path = Pokedex.app; sourceTree = BUILT_PRODUCTS_DIR; };
		CA6575BB2548A501000A52B8 /* AppDelegate.swift */ = {isa = PBXFileReference; lastKnownFileType = sourcecode.swift; path = AppDelegate.swift; sourceTree = "<group>"; };
		CA6575BD2548A501000A52B8 /* SceneDelegate.swift */ = {isa = PBXFileReference; lastKnownFileType = sourcecode.swift; path = SceneDelegate.swift; sourceTree = "<group>"; };
		CA6575BF2548A501000A52B8 /* ViewController.swift */ = {isa = PBXFileReference; lastKnownFileType = sourcecode.swift; path = ViewController.swift; sourceTree = "<group>"; };
		CA6575C22548A501000A52B8 /* Base */ = {isa = PBXFileReference; lastKnownFileType = file.storyboard; name = Base; path = Base.lproj/Main.storyboard; sourceTree = "<group>"; };
		CA6575C42548A504000A52B8 /* Assets.xcassets */ = {isa = PBXFileReference; lastKnownFileType = folder.assetcatalog; path = Assets.xcassets; sourceTree = "<group>"; };
		CA6575C72548A504000A52B8 /* Base */ = {isa = PBXFileReference; lastKnownFileType = file.storyboard; name = Base; path = Base.lproj/LaunchScreen.storyboard; sourceTree = "<group>"; };
		CA6575C92548A504000A52B8 /* Info.plist */ = {isa = PBXFileReference; lastKnownFileType = text.plist.xml; path = Info.plist; sourceTree = "<group>"; };
		CA6575D12548A92F000A52B8 /* MasterViewController.swift */ = {isa = PBXFileReference; lastKnownFileType = sourcecode.swift; path = MasterViewController.swift; sourceTree = "<group>"; };
		CA6575D42548AA4E000A52B8 /* DetailViewController.swift */ = {isa = PBXFileReference; lastKnownFileType = sourcecode.swift; path = DetailViewController.swift; sourceTree = "<group>"; };
		CA6575D72548AC1A000A52B8 /* Pokemon.swift */ = {isa = PBXFileReference; lastKnownFileType = sourcecode.swift; path = Pokemon.swift; sourceTree = "<group>"; };
		CA6575DB2548C917000A52B8 /* PokemonSelectionDelegate.swift */ = {isa = PBXFileReference; lastKnownFileType = sourcecode.swift; path = PokemonSelectionDelegate.swift; sourceTree = "<group>"; };
		CA6575DF2548DAA4000A52B8 /* NetworkManager.swift */ = {isa = PBXFileReference; lastKnownFileType = sourcecode.swift; path = NetworkManager.swift; sourceTree = "<group>"; };
		CA6575E32548DCA8000A52B8 /* NetworkError.swift */ = {isa = PBXFileReference; lastKnownFileType = sourcecode.swift; path = NetworkError.swift; sourceTree = "<group>"; };
		CA8518B52549B9E800E81DF4 /* PokemonResource.swift */ = {isa = PBXFileReference; lastKnownFileType = sourcecode.swift; path = PokemonResource.swift; sourceTree = "<group>"; };
		CA8518B82549BA5100E81DF4 /* PokeUrl.swift */ = {isa = PBXFileReference; lastKnownFileType = sourcecode.swift; path = PokeUrl.swift; sourceTree = "<group>"; };
/* End PBXFileReference section */

/* Begin PBXFrameworksBuildPhase section */
		CA6575B52548A501000A52B8 /* Frameworks */ = {
			isa = PBXFrameworksBuildPhase;
			buildActionMask = 2147483647;
			files = (
			);
			runOnlyForDeploymentPostprocessing = 0;
		};
/* End PBXFrameworksBuildPhase section */

/* Begin PBXGroup section */
		CA6575AF2548A501000A52B8 = {
			isa = PBXGroup;
			children = (
				CA6575BA2548A501000A52B8 /* Pokedex */,
				CA6575B92548A501000A52B8 /* Products */,
			);
			sourceTree = "<group>";
		};
		CA6575B92548A501000A52B8 /* Products */ = {
			isa = PBXGroup;
			children = (
				CA6575B82548A501000A52B8 /* Pokedex.app */,
			);
			name = Products;
			sourceTree = "<group>";
		};
		CA6575BA2548A501000A52B8 /* Pokedex */ = {
			isa = PBXGroup;
			children = (
				CA6575BB2548A501000A52B8 /* AppDelegate.swift */,
				CA6575BD2548A501000A52B8 /* SceneDelegate.swift */,
				CA6575BF2548A501000A52B8 /* ViewController.swift */,
				CA6575D72548AC1A000A52B8 /* Pokemon.swift */,
				CA6575DB2548C917000A52B8 /* PokemonSelectionDelegate.swift */,
				CA8518B52549B9E800E81DF4 /* PokemonResource.swift */,
				CA8518B82549BA5100E81DF4 /* PokeUrl.swift */,
				CA6575E22548DC9D000A52B8 /* Network */,
				CA6575D42548AA4E000A52B8 /* DetailViewController.swift */,
				CA6575C12548A501000A52B8 /* Main.storyboard */,
				CA6575D12548A92F000A52B8 /* MasterViewController.swift */,
				CA6575C42548A504000A52B8 /* Assets.xcassets */,
				CA6575C62548A504000A52B8 /* LaunchScreen.storyboard */,
				CA6575C92548A504000A52B8 /* Info.plist */,
			);
			path = Pokedex;
			sourceTree = "<group>";
		};
		CA6575E22548DC9D000A52B8 /* Network */ = {
			isa = PBXGroup;
			children = (
				CA6575DF2548DAA4000A52B8 /* NetworkManager.swift */,
				CA6575E32548DCA8000A52B8 /* NetworkError.swift */,
			);
			path = Network;
			sourceTree = "<group>";
		};
/* End PBXGroup section */

/* Begin PBXNativeTarget section */
		CA6575B72548A501000A52B8 /* Pokedex */ = {
			isa = PBXNativeTarget;
			buildConfigurationList = CA6575CC2548A504000A52B8 /* Build configuration list for PBXNativeTarget "Pokedex" */;
			buildPhases = (
				CA6575B42548A501000A52B8 /* Sources */,
				CA6575B52548A501000A52B8 /* Frameworks */,
				CA6575B62548A501000A52B8 /* Resources */,
			);
			buildRules = (
			);
			dependencies = (
			);
			name = Pokedex;
			productName = Pokedex;
			productReference = CA6575B82548A501000A52B8 /* Pokedex.app */;
			productType = "com.apple.product-type.application";
		};
/* End PBXNativeTarget section */

/* Begin PBXProject section */
		CA6575B02548A501000A52B8 /* Project object */ = {
			isa = PBXProject;
			attributes = {
				LastSwiftUpdateCheck = 1200;
				LastUpgradeCheck = 1200;
				TargetAttributes = {
					CA6575B72548A501000A52B8 = {
						CreatedOnToolsVersion = 12.0;
					};
				};
			};
			buildConfigurationList = CA6575B32548A501000A52B8 /* Build configuration list for PBXProject "Pokedex" */;
			compatibilityVersion = "Xcode 9.3";
			developmentRegion = en;
			hasScannedForEncodings = 0;
			knownRegions = (
				en,
				Base,
			);
			mainGroup = CA6575AF2548A501000A52B8;
			productRefGroup = CA6575B92548A501000A52B8 /* Products */;
			projectDirPath = "";
			projectRoot = "";
			targets = (
				CA6575B72548A501000A52B8 /* Pokedex */,
			);
		};
/* End PBXProject section */

/* Begin PBXResourcesBuildPhase section */
		CA6575B62548A501000A52B8 /* Resources */ = {
			isa = PBXResourcesBuildPhase;
			buildActionMask = 2147483647;
			files = (
				CA6575C82548A504000A52B8 /* LaunchScreen.storyboard in Resources */,
				CA6575C52548A504000A52B8 /* Assets.xcassets in Resources */,
				CA6575C32548A501000A52B8 /* Main.storyboard in Resources */,
			);
			runOnlyForDeploymentPostprocessing = 0;
		};
/* End PBXResourcesBuildPhase section */

/* Begin PBXSourcesBuildPhase section */
		CA6575B42548A501000A52B8 /* Sources */ = {
			isa = PBXSourcesBuildPhase;
			buildActionMask = 2147483647;
			files = (
				CA6575DC2548C917000A52B8 /* PokemonSelectionDelegate.swift in Sources */,
				CA6575D22548A92F000A52B8 /* MasterViewController.swift in Sources */,
				CA6575C02548A501000A52B8 /* ViewController.swift in Sources */,
				CA6575D52548AA4E000A52B8 /* DetailViewController.swift in Sources */,
				CA6575E02548DAA4000A52B8 /* NetworkManager.swift in Sources */,
				CA8518B92549BA5100E81DF4 /* PokeUrl.swift in Sources */,
				CA6575BC2548A501000A52B8 /* AppDelegate.swift in Sources */,
				CA6575E42548DCA8000A52B8 /* NetworkError.swift in Sources */,
				CA6575BE2548A501000A52B8 /* SceneDelegate.swift in Sources */,
				CA6575D82548AC1A000A52B8 /* Pokemon.swift in Sources */,
				CA8518B62549B9E800E81DF4 /* PokemonResource.swift in Sources */,
			);
			runOnlyForDeploymentPostprocessing = 0;
		};
/* End PBXSourcesBuildPhase section */

/* Begin PBXVariantGroup section */
		CA6575C12548A501000A52B8 /* Main.storyboard */ = {
			isa = PBXVariantGroup;
			children = (
				CA6575C22548A501000A52B8 /* Base */,
			);
			name = Main.storyboard;
			sourceTree = "<group>";
		};
		CA6575C62548A504000A52B8 /* LaunchScreen.storyboard */ = {
			isa = PBXVariantGroup;
			children = (
				CA6575C72548A504000A52B8 /* Base */,
			);
			name = LaunchScreen.storyboard;
			sourceTree = "<group>";
		};
/* End PBXVariantGroup section */

/* Begin XCBuildConfiguration section */
		CA6575CA2548A504000A52B8 /* Debug */ = {
			isa = XCBuildConfiguration;
			buildSettings = {
				ALWAYS_SEARCH_USER_PATHS = NO;
				CLANG_ANALYZER_NONNULL = YES;
				CLANG_ANALYZER_NUMBER_OBJECT_CONVERSION = YES_AGGRESSIVE;
				CLANG_CXX_LANGUAGE_STANDARD = "gnu++14";
				CLANG_CXX_LIBRARY = "libc++";
				CLANG_ENABLE_MODULES = YES;
				CLANG_ENABLE_OBJC_ARC = YES;
				CLANG_ENABLE_OBJC_WEAK = YES;
				CLANG_WARN_BLOCK_CAPTURE_AUTORELEASING = YES;
				CLANG_WARN_BOOL_CONVERSION = YES;
				CLANG_WARN_COMMA = YES;
				CLANG_WARN_CONSTANT_CONVERSION = YES;
				CLANG_WARN_DEPRECATED_OBJC_IMPLEMENTATIONS = YES;
				CLANG_WARN_DIRECT_OBJC_ISA_USAGE = YES_ERROR;
				CLANG_WARN_DOCUMENTATION_COMMENTS = YES;
				CLANG_WARN_EMPTY_BODY = YES;
				CLANG_WARN_ENUM_CONVERSION = YES;
				CLANG_WARN_INFINITE_RECURSION = YES;
				CLANG_WARN_INT_CONVERSION = YES;
				CLANG_WARN_NON_LITERAL_NULL_CONVERSION = YES;
				CLANG_WARN_OBJC_IMPLICIT_RETAIN_SELF = YES;
				CLANG_WARN_OBJC_LITERAL_CONVERSION = YES;
				CLANG_WARN_OBJC_ROOT_CLASS = YES_ERROR;
				CLANG_WARN_QUOTED_INCLUDE_IN_FRAMEWORK_HEADER = YES;
				CLANG_WARN_RANGE_LOOP_ANALYSIS = YES;
				CLANG_WARN_STRICT_PROTOTYPES = YES;
				CLANG_WARN_SUSPICIOUS_MOVE = YES;
				CLANG_WARN_UNGUARDED_AVAILABILITY = YES_AGGRESSIVE;
				CLANG_WARN_UNREACHABLE_CODE = YES;
				CLANG_WARN__DUPLICATE_METHOD_MATCH = YES;
				COPY_PHASE_STRIP = NO;
				DEBUG_INFORMATION_FORMAT = dwarf;
				ENABLE_STRICT_OBJC_MSGSEND = YES;
				ENABLE_TESTABILITY = YES;
				GCC_C_LANGUAGE_STANDARD = gnu11;
				GCC_DYNAMIC_NO_PIC = NO;
				GCC_NO_COMMON_BLOCKS = YES;
				GCC_OPTIMIZATION_LEVEL = 0;
				GCC_PREPROCESSOR_DEFINITIONS = (
					"DEBUG=1",
					"$(inherited)",
				);
				GCC_WARN_64_TO_32_BIT_CONVERSION = YES;
				GCC_WARN_ABOUT_RETURN_TYPE = YES_ERROR;
				GCC_WARN_UNDECLARED_SELECTOR = YES;
				GCC_WARN_UNINITIALIZED_AUTOS = YES_AGGRESSIVE;
				GCC_WARN_UNUSED_FUNCTION = YES;
				GCC_WARN_UNUSED_VARIABLE = YES;
				IPHONEOS_DEPLOYMENT_TARGET = 14.0;
				MTL_ENABLE_DEBUG_INFO = INCLUDE_SOURCE;
				MTL_FAST_MATH = YES;
				ONLY_ACTIVE_ARCH = YES;
				SDKROOT = iphoneos;
				SWIFT_ACTIVE_COMPILATION_CONDITIONS = DEBUG;
				SWIFT_OPTIMIZATION_LEVEL = "-Onone";
			};
			name = Debug;
		};
		CA6575CB2548A504000A52B8 /* Release */ = {
			isa = XCBuildConfiguration;
			buildSettings = {
				ALWAYS_SEARCH_USER_PATHS = NO;
				CLANG_ANALYZER_NONNULL = YES;
				CLANG_ANALYZER_NUMBER_OBJECT_CONVERSION = YES_AGGRESSIVE;
				CLANG_CXX_LANGUAGE_STANDARD = "gnu++14";
				CLANG_CXX_LIBRARY = "libc++";
				CLANG_ENABLE_MODULES = YES;
				CLANG_ENABLE_OBJC_ARC = YES;
				CLANG_ENABLE_OBJC_WEAK = YES;
				CLANG_WARN_BLOCK_CAPTURE_AUTORELEASING = YES;
				CLANG_WARN_BOOL_CONVERSION = YES;
				CLANG_WARN_COMMA = YES;
				CLANG_WARN_CONSTANT_CONVERSION = YES;
				CLANG_WARN_DEPRECATED_OBJC_IMPLEMENTATIONS = YES;
				CLANG_WARN_DIRECT_OBJC_ISA_USAGE = YES_ERROR;
				CLANG_WARN_DOCUMENTATION_COMMENTS = YES;
				CLANG_WARN_EMPTY_BODY = YES;
				CLANG_WARN_ENUM_CONVERSION = YES;
				CLANG_WARN_INFINITE_RECURSION = YES;
				CLANG_WARN_INT_CONVERSION = YES;
				CLANG_WARN_NON_LITERAL_NULL_CONVERSION = YES;
				CLANG_WARN_OBJC_IMPLICIT_RETAIN_SELF = YES;
				CLANG_WARN_OBJC_LITERAL_CONVERSION = YES;
				CLANG_WARN_OBJC_ROOT_CLASS = YES_ERROR;
				CLANG_WARN_QUOTED_INCLUDE_IN_FRAMEWORK_HEADER = YES;
				CLANG_WARN_RANGE_LOOP_ANALYSIS = YES;
				CLANG_WARN_STRICT_PROTOTYPES = YES;
				CLANG_WARN_SUSPICIOUS_MOVE = YES;
				CLANG_WARN_UNGUARDED_AVAILABILITY = YES_AGGRESSIVE;
				CLANG_WARN_UNREACHABLE_CODE = YES;
				CLANG_WARN__DUPLICATE_METHOD_MATCH = YES;
				COPY_PHASE_STRIP = NO;
				DEBUG_INFORMATION_FORMAT = "dwarf-with-dsym";
				ENABLE_NS_ASSERTIONS = NO;
				ENABLE_STRICT_OBJC_MSGSEND = YES;
				GCC_C_LANGUAGE_STANDARD = gnu11;
				GCC_NO_COMMON_BLOCKS = YES;
				GCC_WARN_64_TO_32_BIT_CONVERSION = YES;
				GCC_WARN_ABOUT_RETURN_TYPE = YES_ERROR;
				GCC_WARN_UNDECLARED_SELECTOR = YES;
				GCC_WARN_UNINITIALIZED_AUTOS = YES_AGGRESSIVE;
				GCC_WARN_UNUSED_FUNCTION = YES;
				GCC_WARN_UNUSED_VARIABLE = YES;
				IPHONEOS_DEPLOYMENT_TARGET = 14.0;
				MTL_ENABLE_DEBUG_INFO = NO;
				MTL_FAST_MATH = YES;
				SDKROOT = iphoneos;
				SWIFT_COMPILATION_MODE = wholemodule;
				SWIFT_OPTIMIZATION_LEVEL = "-O";
				VALIDATE_PRODUCT = YES;
			};
			name = Release;
		};
		CA6575CD2548A504000A52B8 /* Debug */ = {
			isa = XCBuildConfiguration;
			buildSettings = {
				ASSETCATALOG_COMPILER_APPICON_NAME = AppIcon;
				ASSETCATALOG_COMPILER_GLOBAL_ACCENT_COLOR_NAME = AccentColor;
				CODE_SIGN_STYLE = Automatic;
				DEVELOPMENT_TEAM = VV5W92WPXN;
				INFOPLIST_FILE = Pokedex/Info.plist;
				LD_RUNPATH_SEARCH_PATHS = (
					"$(inherited)",
					"@executable_path/Frameworks",
				);
				MARKETING_VERSION = 0.1;
				PRODUCT_BUNDLE_IDENTIFIER = dev.bradysimon.Pokedex;
				PRODUCT_NAME = "$(TARGET_NAME)";
				SWIFT_VERSION = 5.0;
				TARGETED_DEVICE_FAMILY = "1,2";
			};
			name = Debug;
		};
		CA6575CE2548A504000A52B8 /* Release */ = {
			isa = XCBuildConfiguration;
			buildSettings = {
				ASSETCATALOG_COMPILER_APPICON_NAME = AppIcon;
				ASSETCATALOG_COMPILER_GLOBAL_ACCENT_COLOR_NAME = AccentColor;
				CODE_SIGN_STYLE = Automatic;
				DEVELOPMENT_TEAM = VV5W92WPXN;
				INFOPLIST_FILE = Pokedex/Info.plist;
				LD_RUNPATH_SEARCH_PATHS = (
					"$(inherited)",
					"@executable_path/Frameworks",
				);
				MARKETING_VERSION = 0.1;
				PRODUCT_BUNDLE_IDENTIFIER = dev.bradysimon.Pokedex;
				PRODUCT_NAME = "$(TARGET_NAME)";
				SWIFT_VERSION = 5.0;
				TARGETED_DEVICE_FAMILY = "1,2";
			};
			name = Release;
		};
/* End XCBuildConfiguration section */

/* Begin XCConfigurationList section */
		CA6575B32548A501000A52B8 /* Build configuration list for PBXProject "Pokedex" */ = {
			isa = XCConfigurationList;
			buildConfigurations = (
				CA6575CA2548A504000A52B8 /* Debug */,
				CA6575CB2548A504000A52B8 /* Release */,
			);
			defaultConfigurationIsVisible = 0;
			defaultConfigurationName = Release;
		};
		CA6575CC2548A504000A52B8 /* Build configuration list for PBXNativeTarget "Pokedex" */ = {
			isa = XCConfigurationList;
			buildConfigurations = (
				CA6575CD2548A504000A52B8 /* Debug */,
				CA6575CE2548A504000A52B8 /* Release */,
			);
			defaultConfigurationIsVisible = 0;
			defaultConfigurationName = Release;
		};
/* End XCConfigurationList section */
	};
	rootObject = CA6575B02548A501000A52B8 /* Project object */;
}
